
Microsoft Visual Studio Solution File, Format Version 12.00
# Visual Studio Version 17
VisualStudioVersion = 17.5.33516.290
MinimumVisualStudioVersion = 10.0.40219.1
Project("{FAE04EC0-301F-11D3-BF4B-00C04F79EFBC}") = "SomaImparesNaoMultiplosDe5", "SomaImparesNaoMultiplosDe5.csproj", "{10A33C57-62CE-4113-9FA0-B40B0DFA7502}"
EndProject
Global
	GlobalSection(SolutionConfigurationPlatforms) = preSolution
		Debug|Any CPU = Debug|Any CPU
		Release|Any CPU = Release|Any CPU
	EndGlobalSection
	GlobalSection(ProjectConfigurationPlatforms) = postSolution
		{10A33C57-62CE-4113-9FA0-B40B0DFA7502}.Debug|Any CPU.ActiveCfg = Debug|Any CPU
		{10A33C57-62CE-4113-9FA0-B40B0DFA7502}.Debug|Any CPU.Build.0 = Debug|Any CPU
		{10A33C57-62CE-4113-9FA0-B40B0DFA7502}.Release|Any CPU.ActiveCfg = Release|Any CPU
		{10A33C57-62CE-4113-9FA0-B40B0DFA7502}.Release|Any CPU.Build.0 = Release|Any CPU
	EndGlobalSection
	GlobalSection(SolutionProperties) = preSolution
		HideSolutionNode = FALSE
	EndGlobalSection
	GlobalSection(ExtensibilityGlobals) = postSolution
		SolutionGuid = {477DF767-482D-449B-8018-EE1EA667C21C}
	EndGlobalSection
EndGlobal
